// !$*UTF8*$!
{
	archiveVersion = 1;
	classes = {
	};
	objectVersion = 56;
	objects = {

/* Begin PBXBuildFile section */
		AC44BC1929CCD4060063A2D8 /* Constant.swift in Sources */ = {isa = PBXBuildFile; fileRef = AC44BC1829CCD4060063A2D8 /* Constant.swift */; };
		AC44BC1D29CCD52B0063A2D8 /* FooterView.swift in Sources */ = {isa = PBXBuildFile; fileRef = AC44BC1C29CCD52B0063A2D8 /* FooterView.swift */; };
		AC44BC1F29CCEBA30063A2D8 /* NavigationBarView.swift in Sources */ = {isa = PBXBuildFile; fileRef = AC44BC1E29CCEBA30063A2D8 /* NavigationBarView.swift */; };
		AC44BC2129CCECD00063A2D8 /* LogoView.swift in Sources */ = {isa = PBXBuildFile; fileRef = AC44BC2029CCECD00063A2D8 /* LogoView.swift */; };
		AC44BC2529CCF9300063A2D8 /* PlayerModel.swift in Sources */ = {isa = PBXBuildFile; fileRef = AC44BC2429CCF9300063A2D8 /* PlayerModel.swift */; };
		AC44BC2729CCF99F0063A2D8 /* CodableBundleExtension.swift in Sources */ = {isa = PBXBuildFile; fileRef = AC44BC2629CCF99F0063A2D8 /* CodableBundleExtension.swift */; };
		AC44BC2929CCFBA40063A2D8 /* FeaturedItemView.swift in Sources */ = {isa = PBXBuildFile; fileRef = AC44BC2829CCFBA40063A2D8 /* FeaturedItemView.swift */; };
		AC44BC2B29CCFD170063A2D8 /* FeaturedTabView.swift in Sources */ = {isa = PBXBuildFile; fileRef = AC44BC2A29CCFD170063A2D8 /* FeaturedTabView.swift */; };
		ACAC53AF29CD024D00B33E28 /* CategoryModel.swift in Sources */ = {isa = PBXBuildFile; fileRef = ACAC53AE29CD024D00B33E28 /* CategoryModel.swift */; };
		ACAC53B129CD03D900B33E28 /* CategoryItemView.swift in Sources */ = {isa = PBXBuildFile; fileRef = ACAC53B029CD03D900B33E28 /* CategoryItemView.swift */; };
		ACAC53B329CD05A300B33E28 /* CategoryGridView.swift in Sources */ = {isa = PBXBuildFile; fileRef = ACAC53B229CD05A300B33E28 /* CategoryGridView.swift */; };
		ACAC53B529CD076C00B33E28 /* SectionView.swift in Sources */ = {isa = PBXBuildFile; fileRef = ACAC53B429CD076C00B33E28 /* SectionView.swift */; };
		ACAC53B729CD0E1600B33E28 /* TitleView.swift in Sources */ = {isa = PBXBuildFile; fileRef = ACAC53B629CD0E1600B33E28 /* TitleView.swift */; };
		ACAC53B929CD0F0900B33E28 /* ProductModel.swift in Sources */ = {isa = PBXBuildFile; fileRef = ACAC53B829CD0F0900B33E28 /* ProductModel.swift */; };
		ACAC53BB29CD102F00B33E28 /* ProductItemView.swift in Sources */ = {isa = PBXBuildFile; fileRef = ACAC53BA29CD102F00B33E28 /* ProductItemView.swift */; };
		ACCFB80A29CCC68A005A6B87 /* TouchdownApp.swift in Sources */ = {isa = PBXBuildFile; fileRef = ACCFB80929CCC68A005A6B87 /* TouchdownApp.swift */; };
		ACCFB80C29CCC68A005A6B87 /* ContentView.swift in Sources */ = {isa = PBXBuildFile; fileRef = ACCFB80B29CCC68A005A6B87 /* ContentView.swift */; };
		ACCFB80E29CCC68B005A6B87 /* Assets.xcassets in Resources */ = {isa = PBXBuildFile; fileRef = ACCFB80D29CCC68B005A6B87 /* Assets.xcassets */; };
		ACCFB81129CCC68B005A6B87 /* Preview Assets.xcassets in Resources */ = {isa = PBXBuildFile; fileRef = ACCFB81029CCC68B005A6B87 /* Preview Assets.xcassets */; };
		ACCFB82029CCC86D005A6B87 /* product.json in Resources */ = {isa = PBXBuildFile; fileRef = ACCFB81C29CCC86D005A6B87 /* product.json */; };
		ACCFB82129CCC86D005A6B87 /* category.json in Resources */ = {isa = PBXBuildFile; fileRef = ACCFB81D29CCC86D005A6B87 /* category.json */; };
		ACCFB82229CCC86D005A6B87 /* brand.json in Resources */ = {isa = PBXBuildFile; fileRef = ACCFB81E29CCC86D005A6B87 /* brand.json */; };
		ACCFB82329CCC86D005A6B87 /* player.json in Resources */ = {isa = PBXBuildFile; fileRef = ACCFB81F29CCC86D005A6B87 /* player.json */; };
		ACFBE1AE29CD15CA00E1F159 /* BrandModel.swift in Sources */ = {isa = PBXBuildFile; fileRef = ACFBE1AD29CD15CA00E1F159 /* BrandModel.swift */; };
		ACFBE1B029CD164100E1F159 /* BrandItemView.swift in Sources */ = {isa = PBXBuildFile; fileRef = ACFBE1AF29CD164100E1F159 /* BrandItemView.swift */; };
		ACFBE1B229CD17D100E1F159 /* BrandGridView.swift in Sources */ = {isa = PBXBuildFile; fileRef = ACFBE1B129CD17D100E1F159 /* BrandGridView.swift */; };
		ACFBE1B429CD1A1600E1F159 /* ProductGridView.swift in Sources */ = {isa = PBXBuildFile; fileRef = ACFBE1B329CD1A1600E1F159 /* ProductGridView.swift */; };
		ACFBE1B629CD1CFE00E1F159 /* ProductDetailView.swift in Sources */ = {isa = PBXBuildFile; fileRef = ACFBE1B529CD1CFE00E1F159 /* ProductDetailView.swift */; };
		ACFBE1B829CD1EC300E1F159 /* NavigationBarDetailView.swift in Sources */ = {isa = PBXBuildFile; fileRef = ACFBE1B729CD1EC300E1F159 /* NavigationBarDetailView.swift */; };
		ACFBE1BA29CD209A00E1F159 /* HeaderDetailView.swift in Sources */ = {isa = PBXBuildFile; fileRef = ACFBE1B929CD209A00E1F159 /* HeaderDetailView.swift */; };
		ACFBE1BC29CD217A00E1F159 /* TopPartDetailView.swift in Sources */ = {isa = PBXBuildFile; fileRef = ACFBE1BB29CD217A00E1F159 /* TopPartDetailView.swift */; };
		ACFBE1BE29CD514C00E1F159 /* CustomShape.swift in Sources */ = {isa = PBXBuildFile; fileRef = ACFBE1BD29CD514C00E1F159 /* CustomShape.swift */; };
		ACFBE1C029CD52DA00E1F159 /* RatingSizesDetailView.swift in Sources */ = {isa = PBXBuildFile; fileRef = ACFBE1BF29CD52DA00E1F159 /* RatingSizesDetailView.swift */; };
		ACFBE1C229CD56D400E1F159 /* QuantityFavouriteDetailView.swift in Sources */ = {isa = PBXBuildFile; fileRef = ACFBE1C129CD56D400E1F159 /* QuantityFavouriteDetailView.swift */; };
		ACFBE1C429CD592D00E1F159 /* AddToCartDetailView.swift in Sources */ = {isa = PBXBuildFile; fileRef = ACFBE1C329CD592D00E1F159 /* AddToCartDetailView.swift */; };
		ACFBE1C629CD5C8500E1F159 /* Shop.swift in Sources */ = {isa = PBXBuildFile; fileRef = ACFBE1C529CD5C8500E1F159 /* Shop.swift */; };
/* End PBXBuildFile section */

/* Begin PBXFileReference section */
		AC44BC1829CCD4060063A2D8 /* Constant.swift */ = {isa = PBXFileReference; lastKnownFileType = sourcecode.swift; path = Constant.swift; sourceTree = "<group>"; };
		AC44BC1C29CCD52B0063A2D8 /* FooterView.swift */ = {isa = PBXFileReference; lastKnownFileType = sourcecode.swift; path = FooterView.swift; sourceTree = "<group>"; };
		AC44BC1E29CCEBA30063A2D8 /* NavigationBarView.swift */ = {isa = PBXFileReference; lastKnownFileType = sourcecode.swift; path = NavigationBarView.swift; sourceTree = "<group>"; };
		AC44BC2029CCECD00063A2D8 /* LogoView.swift */ = {isa = PBXFileReference; lastKnownFileType = sourcecode.swift; path = LogoView.swift; sourceTree = "<group>"; };
		AC44BC2429CCF9300063A2D8 /* PlayerModel.swift */ = {isa = PBXFileReference; lastKnownFileType = sourcecode.swift; path = PlayerModel.swift; sourceTree = "<group>"; };
		AC44BC2629CCF99F0063A2D8 /* CodableBundleExtension.swift */ = {isa = PBXFileReference; lastKnownFileType = sourcecode.swift; path = CodableBundleExtension.swift; sourceTree = "<group>"; };
		AC44BC2829CCFBA40063A2D8 /* FeaturedItemView.swift */ = {isa = PBXFileReference; lastKnownFileType = sourcecode.swift; path = FeaturedItemView.swift; sourceTree = "<group>"; };
		AC44BC2A29CCFD170063A2D8 /* FeaturedTabView.swift */ = {isa = PBXFileReference; lastKnownFileType = sourcecode.swift; path = FeaturedTabView.swift; sourceTree = "<group>"; };
		ACAC53AE29CD024D00B33E28 /* CategoryModel.swift */ = {isa = PBXFileReference; lastKnownFileType = sourcecode.swift; path = CategoryModel.swift; sourceTree = "<group>"; };
		ACAC53B029CD03D900B33E28 /* CategoryItemView.swift */ = {isa = PBXFileReference; lastKnownFileType = sourcecode.swift; path = CategoryItemView.swift; sourceTree = "<group>"; };
		ACAC53B229CD05A300B33E28 /* CategoryGridView.swift */ = {isa = PBXFileReference; lastKnownFileType = sourcecode.swift; path = CategoryGridView.swift; sourceTree = "<group>"; };
		ACAC53B429CD076C00B33E28 /* SectionView.swift */ = {isa = PBXFileReference; lastKnownFileType = sourcecode.swift; path = SectionView.swift; sourceTree = "<group>"; };
		ACAC53B629CD0E1600B33E28 /* TitleView.swift */ = {isa = PBXFileReference; lastKnownFileType = sourcecode.swift; path = TitleView.swift; sourceTree = "<group>"; };
		ACAC53B829CD0F0900B33E28 /* ProductModel.swift */ = {isa = PBXFileReference; lastKnownFileType = sourcecode.swift; path = ProductModel.swift; sourceTree = "<group>"; };
		ACAC53BA29CD102F00B33E28 /* ProductItemView.swift */ = {isa = PBXFileReference; lastKnownFileType = sourcecode.swift; path = ProductItemView.swift; sourceTree = "<group>"; };
		ACCFB80629CCC68A005A6B87 /* Touchdown.app */ = {isa = PBXFileReference; explicitFileType = wrapper.application; includeInIndex = 0; path = Touchdown.app; sourceTree = BUILT_PRODUCTS_DIR; };
		ACCFB80929CCC68A005A6B87 /* TouchdownApp.swift */ = {isa = PBXFileReference; lastKnownFileType = sourcecode.swift; path = TouchdownApp.swift; sourceTree = "<group>"; };
		ACCFB80B29CCC68A005A6B87 /* ContentView.swift */ = {isa = PBXFileReference; lastKnownFileType = sourcecode.swift; path = ContentView.swift; sourceTree = "<group>"; };
		ACCFB80D29CCC68B005A6B87 /* Assets.xcassets */ = {isa = PBXFileReference; lastKnownFileType = folder.assetcatalog; path = Assets.xcassets; sourceTree = "<group>"; };
		ACCFB81029CCC68B005A6B87 /* Preview Assets.xcassets */ = {isa = PBXFileReference; lastKnownFileType = folder.assetcatalog; path = "Preview Assets.xcassets"; sourceTree = "<group>"; };
		ACCFB81C29CCC86D005A6B87 /* product.json */ = {isa = PBXFileReference; fileEncoding = 4; lastKnownFileType = text.json; path = product.json; sourceTree = "<group>"; };
		ACCFB81D29CCC86D005A6B87 /* category.json */ = {isa = PBXFileReference; fileEncoding = 4; lastKnownFileType = text.json; path = category.json; sourceTree = "<group>"; };
		ACCFB81E29CCC86D005A6B87 /* brand.json */ = {isa = PBXFileReference; fileEncoding = 4; lastKnownFileType = text.json; path = brand.json; sourceTree = "<group>"; };
		ACCFB81F29CCC86D005A6B87 /* player.json */ = {isa = PBXFileReference; fileEncoding = 4; lastKnownFileType = text.json; path = player.json; sourceTree = "<group>"; };
		ACCFB82429CCC8EC005A6B87 /* Info.plist */ = {isa = PBXFileReference; lastKnownFileType = text.plist; path = Info.plist; sourceTree = "<group>"; };
		ACFBE1AD29CD15CA00E1F159 /* BrandModel.swift */ = {isa = PBXFileReference; lastKnownFileType = sourcecode.swift; path = BrandModel.swift; sourceTree = "<group>"; };
		ACFBE1AF29CD164100E1F159 /* BrandItemView.swift */ = {isa = PBXFileReference; lastKnownFileType = sourcecode.swift; path = BrandItemView.swift; sourceTree = "<group>"; };
		ACFBE1B129CD17D100E1F159 /* BrandGridView.swift */ = {isa = PBXFileReference; lastKnownFileType = sourcecode.swift; path = BrandGridView.swift; sourceTree = "<group>"; };
		ACFBE1B329CD1A1600E1F159 /* ProductGridView.swift */ = {isa = PBXFileReference; lastKnownFileType = sourcecode.swift; path = ProductGridView.swift; sourceTree = "<group>"; };
		ACFBE1B529CD1CFE00E1F159 /* ProductDetailView.swift */ = {isa = PBXFileReference; lastKnownFileType = sourcecode.swift; path = ProductDetailView.swift; sourceTree = "<group>"; };
		ACFBE1B729CD1EC300E1F159 /* NavigationBarDetailView.swift */ = {isa = PBXFileReference; lastKnownFileType = sourcecode.swift; path = NavigationBarDetailView.swift; sourceTree = "<group>"; };
		ACFBE1B929CD209A00E1F159 /* HeaderDetailView.swift */ = {isa = PBXFileReference; lastKnownFileType = sourcecode.swift; path = HeaderDetailView.swift; sourceTree = "<group>"; };
		ACFBE1BB29CD217A00E1F159 /* TopPartDetailView.swift */ = {isa = PBXFileReference; lastKnownFileType = sourcecode.swift; path = TopPartDetailView.swift; sourceTree = "<group>"; };
		ACFBE1BD29CD514C00E1F159 /* CustomShape.swift */ = {isa = PBXFileReference; lastKnownFileType = sourcecode.swift; path = CustomShape.swift; sourceTree = "<group>"; };
		ACFBE1BF29CD52DA00E1F159 /* RatingSizesDetailView.swift */ = {isa = PBXFileReference; lastKnownFileType = sourcecode.swift; path = RatingSizesDetailView.swift; sourceTree = "<group>"; };
		ACFBE1C129CD56D400E1F159 /* QuantityFavouriteDetailView.swift */ = {isa = PBXFileReference; lastKnownFileType = sourcecode.swift; path = QuantityFavouriteDetailView.swift; sourceTree = "<group>"; };
		ACFBE1C329CD592D00E1F159 /* AddToCartDetailView.swift */ = {isa = PBXFileReference; lastKnownFileType = sourcecode.swift; path = AddToCartDetailView.swift; sourceTree = "<group>"; };
		ACFBE1C529CD5C8500E1F159 /* Shop.swift */ = {isa = PBXFileReference; lastKnownFileType = sourcecode.swift; path = Shop.swift; sourceTree = "<group>"; };
/* End PBXFileReference section */

/* Begin PBXFrameworksBuildPhase section */
		ACCFB80329CCC68A005A6B87 /* Frameworks */ = {
			isa = PBXFrameworksBuildPhase;
			buildActionMask = 2147483647;
			files = (
			);
			runOnlyForDeploymentPostprocessing = 0;
		};
/* End PBXFrameworksBuildPhase section */

/* Begin PBXGroup section */
		ACCFB7FD29CCC68A005A6B87 = {
			isa = PBXGroup;
			children = (
				ACCFB80829CCC68A005A6B87 /* Touchdown */,
				ACCFB80729CCC68A005A6B87 /* Products */,
			);
			sourceTree = "<group>";
		};
		ACCFB80729CCC68A005A6B87 /* Products */ = {
			isa = PBXGroup;
			children = (
				ACCFB80629CCC68A005A6B87 /* Touchdown.app */,
			);
			name = Products;
			sourceTree = "<group>";
		};
		ACCFB80829CCC68A005A6B87 /* Touchdown */ = {
			isa = PBXGroup;
			children = (
				ACCFB82429CCC8EC005A6B87 /* Info.plist */,
				ACCFB81829CCC6FB005A6B87 /* App */,
				ACCFB80D29CCC68B005A6B87 /* Assets.xcassets */,
				ACCFB81929CCC717005A6B87 /* Data */,
				ACCFB82729CCC9BA005A6B87 /* Extension */,
				ACCFB81B29CCC728005A6B87 /* Model */,
				ACCFB80F29CCC68B005A6B87 /* Preview Content */,
				ACCFB82829CCC9C4005A6B87 /* Utility */,
				ACCFB81A29CCC71F005A6B87 /* View */,
			);
			path = Touchdown;
			sourceTree = "<group>";
		};
		ACCFB80F29CCC68B005A6B87 /* Preview Content */ = {
			isa = PBXGroup;
			children = (
				ACCFB81029CCC68B005A6B87 /* Preview Assets.xcassets */,
			);
			path = "Preview Content";
			sourceTree = "<group>";
		};
		ACCFB81829CCC6FB005A6B87 /* App */ = {
			isa = PBXGroup;
			children = (
				ACCFB80929CCC68A005A6B87 /* TouchdownApp.swift */,
				ACCFB80B29CCC68A005A6B87 /* ContentView.swift */,
				ACFBE1B529CD1CFE00E1F159 /* ProductDetailView.swift */,
			);
			path = App;
			sourceTree = "<group>";
		};
		ACCFB81929CCC717005A6B87 /* Data */ = {
			isa = PBXGroup;
			children = (
				ACCFB81E29CCC86D005A6B87 /* brand.json */,
				ACCFB81D29CCC86D005A6B87 /* category.json */,
				ACCFB81F29CCC86D005A6B87 /* player.json */,
				ACCFB81C29CCC86D005A6B87 /* product.json */,
			);
			path = Data;
			sourceTree = "<group>";
		};
		ACCFB81A29CCC71F005A6B87 /* View */ = {
			isa = PBXGroup;
			children = (
				ACCFB82629CCC9A4005A6B87 /* Home */,
				ACCFB82529CCC996005A6B87 /* Detail */,
			);
			path = View;
			sourceTree = "<group>";
		};
		ACCFB81B29CCC728005A6B87 /* Model */ = {
			isa = PBXGroup;
			children = (
				AC44BC2429CCF9300063A2D8 /* PlayerModel.swift */,
				ACAC53AE29CD024D00B33E28 /* CategoryModel.swift */,
				ACAC53B829CD0F0900B33E28 /* ProductModel.swift */,
				ACFBE1AD29CD15CA00E1F159 /* BrandModel.swift */,
			);
			path = Model;
			sourceTree = "<group>";
		};
		ACCFB82529CCC996005A6B87 /* Detail */ = {
			isa = PBXGroup;
			children = (
				ACFBE1C329CD592D00E1F159 /* AddToCartDetailView.swift */,
				ACFBE1B929CD209A00E1F159 /* HeaderDetailView.swift */,
				ACFBE1B729CD1EC300E1F159 /* NavigationBarDetailView.swift */,
				ACFBE1C129CD56D400E1F159 /* QuantityFavouriteDetailView.swift */,
				ACFBE1BF29CD52DA00E1F159 /* RatingSizesDetailView.swift */,
				ACFBE1BB29CD217A00E1F159 /* TopPartDetailView.swift */,
			);
			path = Detail;
			sourceTree = "<group>";
		};
		ACCFB82629CCC9A4005A6B87 /* Home */ = {
			isa = PBXGroup;
			children = (
				AC44BC1C29CCD52B0063A2D8 /* FooterView.swift */,
				AC44BC1E29CCEBA30063A2D8 /* NavigationBarView.swift */,
				AC44BC2029CCECD00063A2D8 /* LogoView.swift */,
				AC44BC2829CCFBA40063A2D8 /* FeaturedItemView.swift */,
				AC44BC2A29CCFD170063A2D8 /* FeaturedTabView.swift */,
				ACAC53B029CD03D900B33E28 /* CategoryItemView.swift */,
				ACAC53B229CD05A300B33E28 /* CategoryGridView.swift */,
				ACAC53B429CD076C00B33E28 /* SectionView.swift */,
				ACAC53B629CD0E1600B33E28 /* TitleView.swift */,
				ACAC53BA29CD102F00B33E28 /* ProductItemView.swift */,
				ACFBE1B329CD1A1600E1F159 /* ProductGridView.swift */,
				ACFBE1AF29CD164100E1F159 /* BrandItemView.swift */,
				ACFBE1B129CD17D100E1F159 /* BrandGridView.swift */,
			);
			path = Home;
			sourceTree = "<group>";
		};
		ACCFB82729CCC9BA005A6B87 /* Extension */ = {
			isa = PBXGroup;
			children = (
				AC44BC2629CCF99F0063A2D8 /* CodableBundleExtension.swift */,
			);
			path = Extension;
			sourceTree = "<group>";
		};
		ACCFB82829CCC9C4005A6B87 /* Utility */ = {
			isa = PBXGroup;
			children = (
				AC44BC1829CCD4060063A2D8 /* Constant.swift */,
				ACFBE1BD29CD514C00E1F159 /* CustomShape.swift */,
				ACFBE1C529CD5C8500E1F159 /* Shop.swift */,
			);
			path = Utility;
			sourceTree = "<group>";
		};
/* End PBXGroup section */

/* Begin PBXNativeTarget section */
		ACCFB80529CCC68A005A6B87 /* Touchdown */ = {
			isa = PBXNativeTarget;
			buildConfigurationList = ACCFB81429CCC68B005A6B87 /* Build configuration list for PBXNativeTarget "Touchdown" */;
			buildPhases = (
				ACCFB80229CCC68A005A6B87 /* Sources */,
				ACCFB80329CCC68A005A6B87 /* Frameworks */,
				ACCFB80429CCC68A005A6B87 /* Resources */,
			);
			buildRules = (
			);
			dependencies = (
			);
			name = Touchdown;
			productName = Touchdown;
			productReference = ACCFB80629CCC68A005A6B87 /* Touchdown.app */;
			productType = "com.apple.product-type.application";
		};
/* End PBXNativeTarget section */

/* Begin PBXProject section */
		ACCFB7FE29CCC68A005A6B87 /* Project object */ = {
			isa = PBXProject;
			attributes = {
				BuildIndependentTargetsInParallel = 1;
				LastSwiftUpdateCheck = 1420;
				LastUpgradeCheck = 1420;
				TargetAttributes = {
					ACCFB80529CCC68A005A6B87 = {
						CreatedOnToolsVersion = 14.2;
					};
				};
			};
			buildConfigurationList = ACCFB80129CCC68A005A6B87 /* Build configuration list for PBXProject "Touchdown" */;
			compatibilityVersion = "Xcode 14.0";
			developmentRegion = en;
			hasScannedForEncodings = 0;
			knownRegions = (
				en,
				Base,
			);
			mainGroup = ACCFB7FD29CCC68A005A6B87;
			productRefGroup = ACCFB80729CCC68A005A6B87 /* Products */;
			projectDirPath = "";
			projectRoot = "";
			targets = (
				ACCFB80529CCC68A005A6B87 /* Touchdown */,
			);
		};
/* End PBXProject section */

/* Begin PBXResourcesBuildPhase section */
		ACCFB80429CCC68A005A6B87 /* Resources */ = {
			isa = PBXResourcesBuildPhase;
			buildActionMask = 2147483647;
			files = (
				ACCFB82329CCC86D005A6B87 /* player.json in Resources */,
				ACCFB81129CCC68B005A6B87 /* Preview Assets.xcassets in Resources */,
				ACCFB82229CCC86D005A6B87 /* brand.json in Resources */,
				ACCFB80E29CCC68B005A6B87 /* Assets.xcassets in Resources */,
				ACCFB82029CCC86D005A6B87 /* product.json in Resources */,
				ACCFB82129CCC86D005A6B87 /* category.json in Resources */,
			);
			runOnlyForDeploymentPostprocessing = 0;
		};
/* End PBXResourcesBuildPhase section */

/* Begin PBXSourcesBuildPhase section */
		ACCFB80229CCC68A005A6B87 /* Sources */ = {
			isa = PBXSourcesBuildPhase;
			buildActionMask = 2147483647;
			files = (
				AC44BC2729CCF99F0063A2D8 /* CodableBundleExtension.swift in Sources */,
				ACCFB80C29CCC68A005A6B87 /* ContentView.swift in Sources */,
				AC44BC2129CCECD00063A2D8 /* LogoView.swift in Sources */,
				ACFBE1C629CD5C8500E1F159 /* Shop.swift in Sources */,
				AC44BC1D29CCD52B0063A2D8 /* FooterView.swift in Sources */,
				AC44BC2929CCFBA40063A2D8 /* FeaturedItemView.swift in Sources */,
				ACAC53BB29CD102F00B33E28 /* ProductItemView.swift in Sources */,
				ACFBE1C229CD56D400E1F159 /* QuantityFavouriteDetailView.swift in Sources */,
				ACFBE1B229CD17D100E1F159 /* BrandGridView.swift in Sources */,
				ACCFB80A29CCC68A005A6B87 /* TouchdownApp.swift in Sources */,
				ACFBE1BA29CD209A00E1F159 /* HeaderDetailView.swift in Sources */,
				ACFBE1C429CD592D00E1F159 /* AddToCartDetailView.swift in Sources */,
				ACFBE1BC29CD217A00E1F159 /* TopPartDetailView.swift in Sources */,
				AC44BC1929CCD4060063A2D8 /* Constant.swift in Sources */,
				ACAC53B329CD05A300B33E28 /* CategoryGridView.swift in Sources */,
				ACFBE1BE29CD514C00E1F159 /* CustomShape.swift in Sources */,
				ACFBE1B829CD1EC300E1F159 /* NavigationBarDetailView.swift in Sources */,
				ACAC53AF29CD024D00B33E28 /* CategoryModel.swift in Sources */,
				AC44BC1F29CCEBA30063A2D8 /* NavigationBarView.swift in Sources */,
				ACAC53B529CD076C00B33E28 /* SectionView.swift in Sources */,
				ACFBE1B629CD1CFE00E1F159 /* ProductDetailView.swift in Sources */,
				ACFBE1C029CD52DA00E1F159 /* RatingSizesDetailView.swift in Sources */,
				ACFBE1B029CD164100E1F159 /* BrandItemView.swift in Sources */,
				ACAC53B129CD03D900B33E28 /* CategoryItemView.swift in Sources */,
				AC44BC2B29CCFD170063A2D8 /* FeaturedTabView.swift in Sources */,
				AC44BC2529CCF9300063A2D8 /* PlayerModel.swift in Sources */,
				ACFBE1AE29CD15CA00E1F159 /* BrandModel.swift in Sources */,
				ACAC53B729CD0E1600B33E28 /* TitleView.swift in Sources */,
				ACFBE1B429CD1A1600E1F159 /* ProductGridView.swift in Sources */,
				ACAC53B929CD0F0900B33E28 /* ProductModel.swift in Sources */,
			);
			runOnlyForDeploymentPostprocessing = 0;
		};
/* End PBXSourcesBuildPhase section */

/* Begin XCBuildConfiguration section */
		ACCFB81229CCC68B005A6B87 /* Debug */ = {
			isa = XCBuildConfiguration;
			buildSettings = {
				ALWAYS_SEARCH_USER_PATHS = NO;
				CLANG_ANALYZER_NONNULL = YES;
				CLANG_ANALYZER_NUMBER_OBJECT_CONVERSION = YES_AGGRESSIVE;
				CLANG_CXX_LANGUAGE_STANDARD = "gnu++20";
				CLANG_ENABLE_MODULES = YES;
				CLANG_ENABLE_OBJC_ARC = YES;
				CLANG_ENABLE_OBJC_WEAK = YES;
				CLANG_WARN_BLOCK_CAPTURE_AUTORELEASING = YES;
				CLANG_WARN_BOOL_CONVERSION = YES;
				CLANG_WARN_COMMA = YES;
				CLANG_WARN_CONSTANT_CONVERSION = YES;
				CLANG_WARN_DEPRECATED_OBJC_IMPLEMENTATIONS = YES;
				CLANG_WARN_DIRECT_OBJC_ISA_USAGE = YES_ERROR;
				CLANG_WARN_DOCUMENTATION_COMMENTS = YES;
				CLANG_WARN_EMPTY_BODY = YES;
				CLANG_WARN_ENUM_CONVERSION = YES;
				CLANG_WARN_INFINITE_RECURSION = YES;
				CLANG_WARN_INT_CONVERSION = YES;
				CLANG_WARN_NON_LITERAL_NULL_CONVERSION = YES;
				CLANG_WARN_OBJC_IMPLICIT_RETAIN_SELF = YES;
				CLANG_WARN_OBJC_LITERAL_CONVERSION = YES;
				CLANG_WARN_OBJC_ROOT_CLASS = YES_ERROR;
				CLANG_WARN_QUOTED_INCLUDE_IN_FRAMEWORK_HEADER = YES;
				CLANG_WARN_RANGE_LOOP_ANALYSIS = YES;
				CLANG_WARN_STRICT_PROTOTYPES = YES;
				CLANG_WARN_SUSPICIOUS_MOVE = YES;
				CLANG_WARN_UNGUARDED_AVAILABILITY = YES_AGGRESSIVE;
				CLANG_WARN_UNREACHABLE_CODE = YES;
				CLANG_WARN__DUPLICATE_METHOD_MATCH = YES;
				COPY_PHASE_STRIP = NO;
				DEBUG_INFORMATION_FORMAT = dwarf;
				ENABLE_STRICT_OBJC_MSGSEND = YES;
				ENABLE_TESTABILITY = YES;
				GCC_C_LANGUAGE_STANDARD = gnu11;
				GCC_DYNAMIC_NO_PIC = NO;
				GCC_NO_COMMON_BLOCKS = YES;
				GCC_OPTIMIZATION_LEVEL = 0;
				GCC_PREPROCESSOR_DEFINITIONS = (
					"DEBUG=1",
					"$(inherited)",
				);
				GCC_WARN_64_TO_32_BIT_CONVERSION = YES;
				GCC_WARN_ABOUT_RETURN_TYPE = YES_ERROR;
				GCC_WARN_UNDECLARED_SELECTOR = YES;
				GCC_WARN_UNINITIALIZED_AUTOS = YES_AGGRESSIVE;
				GCC_WARN_UNUSED_FUNCTION = YES;
				GCC_WARN_UNUSED_VARIABLE = YES;
				IPHONEOS_DEPLOYMENT_TARGET = 16.2;
				MTL_ENABLE_DEBUG_INFO = INCLUDE_SOURCE;
				MTL_FAST_MATH = YES;
				ONLY_ACTIVE_ARCH = YES;
				SDKROOT = iphoneos;
				SWIFT_ACTIVE_COMPILATION_CONDITIONS = DEBUG;
				SWIFT_OPTIMIZATION_LEVEL = "-Onone";
			};
			name = Debug;
		};
		ACCFB81329CCC68B005A6B87 /* Release */ = {
			isa = XCBuildConfiguration;
			buildSettings = {
				ALWAYS_SEARCH_USER_PATHS = NO;
				CLANG_ANALYZER_NONNULL = YES;
				CLANG_ANALYZER_NUMBER_OBJECT_CONVERSION = YES_AGGRESSIVE;
				CLANG_CXX_LANGUAGE_STANDARD = "gnu++20";
				CLANG_ENABLE_MODULES = YES;
				CLANG_ENABLE_OBJC_ARC = YES;
				CLANG_ENABLE_OBJC_WEAK = YES;
				CLANG_WARN_BLOCK_CAPTURE_AUTORELEASING = YES;
				CLANG_WARN_BOOL_CONVERSION = YES;
				CLANG_WARN_COMMA = YES;
				CLANG_WARN_CONSTANT_CONVERSION = YES;
				CLANG_WARN_DEPRECATED_OBJC_IMPLEMENTATIONS = YES;
				CLANG_WARN_DIRECT_OBJC_ISA_USAGE = YES_ERROR;
				CLANG_WARN_DOCUMENTATION_COMMENTS = YES;
				CLANG_WARN_EMPTY_BODY = YES;
				CLANG_WARN_ENUM_CONVERSION = YES;
				CLANG_WARN_INFINITE_RECURSION = YES;
				CLANG_WARN_INT_CONVERSION = YES;
				CLANG_WARN_NON_LITERAL_NULL_CONVERSION = YES;
				CLANG_WARN_OBJC_IMPLICIT_RETAIN_SELF = YES;
				CLANG_WARN_OBJC_LITERAL_CONVERSION = YES;
				CLANG_WARN_OBJC_ROOT_CLASS = YES_ERROR;
				CLANG_WARN_QUOTED_INCLUDE_IN_FRAMEWORK_HEADER = YES;
				CLANG_WARN_RANGE_LOOP_ANALYSIS = YES;
				CLANG_WARN_STRICT_PROTOTYPES = YES;
				CLANG_WARN_SUSPICIOUS_MOVE = YES;
				CLANG_WARN_UNGUARDED_AVAILABILITY = YES_AGGRESSIVE;
				CLANG_WARN_UNREACHABLE_CODE = YES;
				CLANG_WARN__DUPLICATE_METHOD_MATCH = YES;
				COPY_PHASE_STRIP = NO;
				DEBUG_INFORMATION_FORMAT = "dwarf-with-dsym";
				ENABLE_NS_ASSERTIONS = NO;
				ENABLE_STRICT_OBJC_MSGSEND = YES;
				GCC_C_LANGUAGE_STANDARD = gnu11;
				GCC_NO_COMMON_BLOCKS = YES;
				GCC_WARN_64_TO_32_BIT_CONVERSION = YES;
				GCC_WARN_ABOUT_RETURN_TYPE = YES_ERROR;
				GCC_WARN_UNDECLARED_SELECTOR = YES;
				GCC_WARN_UNINITIALIZED_AUTOS = YES_AGGRESSIVE;
				GCC_WARN_UNUSED_FUNCTION = YES;
				GCC_WARN_UNUSED_VARIABLE = YES;
				IPHONEOS_DEPLOYMENT_TARGET = 16.2;
				MTL_ENABLE_DEBUG_INFO = NO;
				MTL_FAST_MATH = YES;
				SDKROOT = iphoneos;
				SWIFT_COMPILATION_MODE = wholemodule;
				SWIFT_OPTIMIZATION_LEVEL = "-O";
				VALIDATE_PRODUCT = YES;
			};
			name = Release;
		};
		ACCFB81529CCC68B005A6B87 /* Debug */ = {
			isa = XCBuildConfiguration;
			buildSettings = {
				ASSETCATALOG_COMPILER_APPICON_NAME = AppIcon;
				ASSETCATALOG_COMPILER_GLOBAL_ACCENT_COLOR_NAME = AccentColor;
				CODE_SIGN_STYLE = Automatic;
				CURRENT_PROJECT_VERSION = 1;
				DEVELOPMENT_ASSET_PATHS = "\"Touchdown/Preview Content\"";
				DEVELOPMENT_TEAM = 9N27YBGSVD;
				ENABLE_PREVIEWS = YES;
				GENERATE_INFOPLIST_FILE = YES;
				INFOPLIST_FILE = Touchdown/Info.plist;
				INFOPLIST_KEY_UIApplicationSceneManifest_Generation = YES;
				INFOPLIST_KEY_UISupportedInterfaceOrientations = UIInterfaceOrientationPortrait;
				INFOPLIST_KEY_UIUserInterfaceStyle = Light;
				LD_RUNPATH_SEARCH_PATHS = (
					"$(inherited)",
					"@executable_path/Frameworks",
				);
				MARKETING_VERSION = 1.0;
				PRODUCT_BUNDLE_IDENTIFIER = com.jonathanschaffer.Touchdown;
				PRODUCT_NAME = "$(TARGET_NAME)";
				SUPPORTED_PLATFORMS = "iphoneos iphonesimulator";
				SUPPORTS_MACCATALYST = NO;
				SUPPORTS_MAC_DESIGNED_FOR_IPHONE_IPAD = NO;
				SWIFT_EMIT_LOC_STRINGS = YES;
				SWIFT_VERSION = 5.0;
				TARGETED_DEVICE_FAMILY = "1,2";
			};
			name = Debug;
		};
		ACCFB81629CCC68B005A6B87 /* Release */ = {
			isa = XCBuildConfiguration;
			buildSettings = {
				ASSETCATALOG_COMPILER_APPICON_NAME = AppIcon;
				ASSETCATALOG_COMPILER_GLOBAL_ACCENT_COLOR_NAME = AccentColor;
				CODE_SIGN_STYLE = Automatic;
				CURRENT_PROJECT_VERSION = 1;
				DEVELOPMENT_ASSET_PATHS = "\"Touchdown/Preview Content\"";
				DEVELOPMENT_TEAM = 9N27YBGSVD;
				ENABLE_PREVIEWS = YES;
				GENERATE_INFOPLIST_FILE = YES;
				INFOPLIST_FILE = Touchdown/Info.plist;
				INFOPLIST_KEY_UIApplicationSceneManifest_Generation = YES;
				INFOPLIST_KEY_UISupportedInterfaceOrientations = UIInterfaceOrientationPortrait;
				INFOPLIST_KEY_UIUserInterfaceStyle = Light;
				LD_RUNPATH_SEARCH_PATHS = (
					"$(inherited)",
					"@executable_path/Frameworks",
				);
				MARKETING_VERSION = 1.0;
				PRODUCT_BUNDLE_IDENTIFIER = com.jonathanschaffer.Touchdown;
				PRODUCT_NAME = "$(TARGET_NAME)";
				SUPPORTED_PLATFORMS = "iphoneos iphonesimulator";
				SUPPORTS_MACCATALYST = NO;
				SUPPORTS_MAC_DESIGNED_FOR_IPHONE_IPAD = NO;
				SWIFT_EMIT_LOC_STRINGS = YES;
				SWIFT_VERSION = 5.0;
				TARGETED_DEVICE_FAMILY = "1,2";
			};
			name = Release;
		};
/* End XCBuildConfiguration section */

/* Begin XCConfigurationList section */
		ACCFB80129CCC68A005A6B87 /* Build configuration list for PBXProject "Touchdown" */ = {
			isa = XCConfigurationList;
			buildConfigurations = (
				ACCFB81229CCC68B005A6B87 /* Debug */,
				ACCFB81329CCC68B005A6B87 /* Release */,
			);
			defaultConfigurationIsVisible = 0;
			defaultConfigurationName = Release;
		};
		ACCFB81429CCC68B005A6B87 /* Build configuration list for PBXNativeTarget "Touchdown" */ = {
			isa = XCConfigurationList;
			buildConfigurations = (
				ACCFB81529CCC68B005A6B87 /* Debug */,
				ACCFB81629CCC68B005A6B87 /* Release */,
			);
			defaultConfigurationIsVisible = 0;
			defaultConfigurationName = Release;
		};
/* End XCConfigurationList section */
	};
	rootObject = ACCFB7FE29CCC68A005A6B87 /* Project object */;
}
